
Microsoft Visual Studio Solution File, Format Version 12.00
# Visual Studio Version 17
VisualStudioVersion = 17.6.33829.357
MinimumVisualStudioVersion = 10.0.40219.1
Project("{FAE04EC0-301F-11D3-BF4B-00C04F79EFBC}") = "CeasarCippes", "CeasarCippes.csproj", "{1F8B38D9-8AED-4C5E-92B5-F93F729CBABF}"
EndProject
Global
	GlobalSection(SolutionConfigurationPlatforms) = preSolution
		Debug|Any CPU = Debug|Any CPU
		Release|Any CPU = Release|Any CPU
	EndGlobalSection
	GlobalSection(ProjectConfigurationPlatforms) = postSolution
		{1F8B38D9-8AED-4C5E-92B5-F93F729CBABF}.Debug|Any CPU.ActiveCfg = Debug|Any CPU
		{1F8B38D9-8AED-4C5E-92B5-F93F729CBABF}.Debug|Any CPU.Build.0 = Debug|Any CPU
		{1F8B38D9-8AED-4C5E-92B5-F93F729CBABF}.Release|Any CPU.ActiveCfg = Release|Any CPU
		{1F8B38D9-8AED-4C5E-92B5-F93F729CBABF}.Release|Any CPU.Build.0 = Release|Any CPU
	EndGlobalSection
	GlobalSection(SolutionProperties) = preSolution
		HideSolutionNode = FALSE
	EndGlobalSection
	GlobalSection(ExtensibilityGlobals) = postSolution
		SolutionGuid = {B3202E2C-BA4C-44AC-A481-F2E216166670}
	EndGlobalSection
EndGlobal
