
Microsoft Visual Studio Solution File, Format Version 12.00
# Visual Studio Version 17
VisualStudioVersion = 17.6.33829.357
MinimumVisualStudioVersion = 10.0.40219.1
Project("{FAE04EC0-301F-11D3-BF4B-00C04F79EFBC}") = "TriangleArea", "TriangleArea.csproj", "{802C2043-8312-49E0-9B0B-DCFA134028A7}"
EndProject
Global
	GlobalSection(SolutionConfigurationPlatforms) = preSolution
		Debug|Any CPU = Debug|Any CPU
		Release|Any CPU = Release|Any CPU
	EndGlobalSection
	GlobalSection(ProjectConfigurationPlatforms) = postSolution
		{802C2043-8312-49E0-9B0B-DCFA134028A7}.Debug|Any CPU.ActiveCfg = Debug|Any CPU
		{802C2043-8312-49E0-9B0B-DCFA134028A7}.Debug|Any CPU.Build.0 = Debug|Any CPU
		{802C2043-8312-49E0-9B0B-DCFA134028A7}.Release|Any CPU.ActiveCfg = Release|Any CPU
		{802C2043-8312-49E0-9B0B-DCFA134028A7}.Release|Any CPU.Build.0 = Release|Any CPU
	EndGlobalSection
	GlobalSection(SolutionProperties) = preSolution
		HideSolutionNode = FALSE
	EndGlobalSection
	GlobalSection(ExtensibilityGlobals) = postSolution
		SolutionGuid = {CEF9448F-3CE2-44C6-B53B-6E524A37982F}
	EndGlobalSection
EndGlobal
