
Microsoft Visual Studio Solution File, Format Version 12.00
# Visual Studio Version 17
VisualStudioVersion = 17.6.33829.357
MinimumVisualStudioVersion = 10.0.40219.1
Project("{FAE04EC0-301F-11D3-BF4B-00C04F79EFBC}") = "Sofuni PArty", "Sofuni PArty.csproj", "{FA32D7D8-9F79-4159-93BE-552FDD503D00}"
EndProject
Global
	GlobalSection(SolutionConfigurationPlatforms) = preSolution
		Debug|Any CPU = Debug|Any CPU
		Release|Any CPU = Release|Any CPU
	EndGlobalSection
	GlobalSection(ProjectConfigurationPlatforms) = postSolution
		{FA32D7D8-9F79-4159-93BE-552FDD503D00}.Debug|Any CPU.ActiveCfg = Debug|Any CPU
		{FA32D7D8-9F79-4159-93BE-552FDD503D00}.Debug|Any CPU.Build.0 = Debug|Any CPU
		{FA32D7D8-9F79-4159-93BE-552FDD503D00}.Release|Any CPU.ActiveCfg = Release|Any CPU
		{FA32D7D8-9F79-4159-93BE-552FDD503D00}.Release|Any CPU.Build.0 = Release|Any CPU
	EndGlobalSection
	GlobalSection(SolutionProperties) = preSolution
		HideSolutionNode = FALSE
	EndGlobalSection
	GlobalSection(ExtensibilityGlobals) = postSolution
		SolutionGuid = {B455B3BC-B5F8-46FE-BA09-26EEA03055A4}
	EndGlobalSection
EndGlobal
