
Microsoft Visual Studio Solution File, Format Version 12.00
# Visual Studio Version 17
VisualStudioVersion = 17.6.33829.357
MinimumVisualStudioVersion = 10.0.40219.1
Project("{FAE04EC0-301F-11D3-BF4B-00C04F79EFBC}") = "SnakeMOves", "SnakeMOves.csproj", "{F7057BCD-6458-42BF-AB18-4941AC846148}"
EndProject
Global
	GlobalSection(SolutionConfigurationPlatforms) = preSolution
		Debug|Any CPU = Debug|Any CPU
		Release|Any CPU = Release|Any CPU
	EndGlobalSection
	GlobalSection(ProjectConfigurationPlatforms) = postSolution
		{F7057BCD-6458-42BF-AB18-4941AC846148}.Debug|Any CPU.ActiveCfg = Debug|Any CPU
		{F7057BCD-6458-42BF-AB18-4941AC846148}.Debug|Any CPU.Build.0 = Debug|Any CPU
		{F7057BCD-6458-42BF-AB18-4941AC846148}.Release|Any CPU.ActiveCfg = Release|Any CPU
		{F7057BCD-6458-42BF-AB18-4941AC846148}.Release|Any CPU.Build.0 = Release|Any CPU
	EndGlobalSection
	GlobalSection(SolutionProperties) = preSolution
		HideSolutionNode = FALSE
	EndGlobalSection
	GlobalSection(ExtensibilityGlobals) = postSolution
		SolutionGuid = {E04F0BB1-917D-48B7-BCBE-348D469D6C26}
	EndGlobalSection
EndGlobal
