
Microsoft Visual Studio Solution File, Format Version 12.00
# Visual Studio Version 17
VisualStudioVersion = 17.6.33829.357
MinimumVisualStudioVersion = 10.0.40219.1
Project("{FAE04EC0-301F-11D3-BF4B-00C04F79EFBC}") = "PrimaryDiagonal", "PrimaryDiagonal.csproj", "{62D2353C-A53B-4D3E-A655-FF4188364C88}"
EndProject
Global
	GlobalSection(SolutionConfigurationPlatforms) = preSolution
		Debug|Any CPU = Debug|Any CPU
		Release|Any CPU = Release|Any CPU
	EndGlobalSection
	GlobalSection(ProjectConfigurationPlatforms) = postSolution
		{62D2353C-A53B-4D3E-A655-FF4188364C88}.Debug|Any CPU.ActiveCfg = Debug|Any CPU
		{62D2353C-A53B-4D3E-A655-FF4188364C88}.Debug|Any CPU.Build.0 = Debug|Any CPU
		{62D2353C-A53B-4D3E-A655-FF4188364C88}.Release|Any CPU.ActiveCfg = Release|Any CPU
		{62D2353C-A53B-4D3E-A655-FF4188364C88}.Release|Any CPU.Build.0 = Release|Any CPU
	EndGlobalSection
	GlobalSection(SolutionProperties) = preSolution
		HideSolutionNode = FALSE
	EndGlobalSection
	GlobalSection(ExtensibilityGlobals) = postSolution
		SolutionGuid = {2CD94C55-B47B-4A83-B451-F9579AB1E11B}
	EndGlobalSection
EndGlobal
