
Microsoft Visual Studio Solution File, Format Version 12.00
# Visual Studio Version 17
VisualStudioVersion = 17.6.33829.357
MinimumVisualStudioVersion = 10.0.40219.1
Project("{FAE04EC0-301F-11D3-BF4B-00C04F79EFBC}") = "MealPlan", "MealPlan.csproj", "{D18F50B4-CA09-4AA1-B2EE-A107C0173F75}"
EndProject
Global
	GlobalSection(SolutionConfigurationPlatforms) = preSolution
		Debug|Any CPU = Debug|Any CPU
		Release|Any CPU = Release|Any CPU
	EndGlobalSection
	GlobalSection(ProjectConfigurationPlatforms) = postSolution
		{D18F50B4-CA09-4AA1-B2EE-A107C0173F75}.Debug|Any CPU.ActiveCfg = Debug|Any CPU
		{D18F50B4-CA09-4AA1-B2EE-A107C0173F75}.Debug|Any CPU.Build.0 = Debug|Any CPU
		{D18F50B4-CA09-4AA1-B2EE-A107C0173F75}.Release|Any CPU.ActiveCfg = Release|Any CPU
		{D18F50B4-CA09-4AA1-B2EE-A107C0173F75}.Release|Any CPU.Build.0 = Release|Any CPU
	EndGlobalSection
	GlobalSection(SolutionProperties) = preSolution
		HideSolutionNode = FALSE
	EndGlobalSection
	GlobalSection(ExtensibilityGlobals) = postSolution
		SolutionGuid = {47040F02-5CE2-473F-A3E6-20DB1ED30338}
	EndGlobalSection
EndGlobal
