
Microsoft Visual Studio Solution File, Format Version 12.00
# Visual Studio Version 17
VisualStudioVersion = 17.9.34728.123
MinimumVisualStudioVersion = 10.0.40219.1
Project("{FAE04EC0-301F-11D3-BF4B-00C04F79EFBC}") = "FinalExam1", "FinalExam1.csproj", "{4FE21C74-22BF-40A2-91C7-D1FD80D418BF}"
EndProject
Global
	GlobalSection(SolutionConfigurationPlatforms) = preSolution
		Debug|Any CPU = Debug|Any CPU
		Release|Any CPU = Release|Any CPU
	EndGlobalSection
	GlobalSection(ProjectConfigurationPlatforms) = postSolution
		{4FE21C74-22BF-40A2-91C7-D1FD80D418BF}.Debug|Any CPU.ActiveCfg = Debug|Any CPU
		{4FE21C74-22BF-40A2-91C7-D1FD80D418BF}.Debug|Any CPU.Build.0 = Debug|Any CPU
		{4FE21C74-22BF-40A2-91C7-D1FD80D418BF}.Release|Any CPU.ActiveCfg = Release|Any CPU
		{4FE21C74-22BF-40A2-91C7-D1FD80D418BF}.Release|Any CPU.Build.0 = Release|Any CPU
	EndGlobalSection
	GlobalSection(SolutionProperties) = preSolution
		HideSolutionNode = FALSE
	EndGlobalSection
	GlobalSection(ExtensibilityGlobals) = postSolution
		SolutionGuid = {2F202FD8-A11E-4677-AC52-8C9DFCCACA63}
	EndGlobalSection
EndGlobal
