
Microsoft Visual Studio Solution File, Format Version 12.00
# Visual Studio Version 17
VisualStudioVersion = 17.6.33829.357
MinimumVisualStudioVersion = 10.0.40219.1
Project("{FAE04EC0-301F-11D3-BF4B-00C04F79EFBC}") = "BestWord", "BestWord.csproj", "{81C54F36-25E7-4AE9-8119-A222B3B69A91}"
EndProject
Global
	GlobalSection(SolutionConfigurationPlatforms) = preSolution
		Debug|Any CPU = Debug|Any CPU
		Release|Any CPU = Release|Any CPU
	EndGlobalSection
	GlobalSection(ProjectConfigurationPlatforms) = postSolution
		{81C54F36-25E7-4AE9-8119-A222B3B69A91}.Debug|Any CPU.ActiveCfg = Debug|Any CPU
		{81C54F36-25E7-4AE9-8119-A222B3B69A91}.Debug|Any CPU.Build.0 = Debug|Any CPU
		{81C54F36-25E7-4AE9-8119-A222B3B69A91}.Release|Any CPU.ActiveCfg = Release|Any CPU
		{81C54F36-25E7-4AE9-8119-A222B3B69A91}.Release|Any CPU.Build.0 = Release|Any CPU
	EndGlobalSection
	GlobalSection(SolutionProperties) = preSolution
		HideSolutionNode = FALSE
	EndGlobalSection
	GlobalSection(ExtensibilityGlobals) = postSolution
		SolutionGuid = {B40CA361-A3D7-43A3-8AD4-D11F29DCC8B8}
	EndGlobalSection
EndGlobal
