
Microsoft Visual Studio Solution File, Format Version 12.00
# Visual Studio Version 17
VisualStudioVersion = 17.6.33829.357
MinimumVisualStudioVersion = 10.0.40219.1
Project("{FAE04EC0-301F-11D3-BF4B-00C04F79EFBC}") = "SumMatrixColumns", "SumMatrixColumns.csproj", "{0F84C84C-27A9-47B9-80CA-8E2BF1ACB5D3}"
EndProject
Global
	GlobalSection(SolutionConfigurationPlatforms) = preSolution
		Debug|Any CPU = Debug|Any CPU
		Release|Any CPU = Release|Any CPU
	EndGlobalSection
	GlobalSection(ProjectConfigurationPlatforms) = postSolution
		{0F84C84C-27A9-47B9-80CA-8E2BF1ACB5D3}.Debug|Any CPU.ActiveCfg = Debug|Any CPU
		{0F84C84C-27A9-47B9-80CA-8E2BF1ACB5D3}.Debug|Any CPU.Build.0 = Debug|Any CPU
		{0F84C84C-27A9-47B9-80CA-8E2BF1ACB5D3}.Release|Any CPU.ActiveCfg = Release|Any CPU
		{0F84C84C-27A9-47B9-80CA-8E2BF1ACB5D3}.Release|Any CPU.Build.0 = Release|Any CPU
	EndGlobalSection
	GlobalSection(SolutionProperties) = preSolution
		HideSolutionNode = FALSE
	EndGlobalSection
	GlobalSection(ExtensibilityGlobals) = postSolution
		SolutionGuid = {9D8FD4E0-9D8E-4C08-9EA3-3CE733CC75A3}
	EndGlobalSection
EndGlobal
