
Microsoft Visual Studio Solution File, Format Version 12.00
# Visual Studio Version 17
VisualStudioVersion = 17.13.35931.197 d17.13
MinimumVisualStudioVersion = 10.0.40219.1
Project("{FAE04EC0-301F-11D3-BF4B-00C04F79EFBC}") = "Http Requests", "Http Requests.csproj", "{B7C7B954-41B8-48E7-9381-82ECBB8BF492}"
EndProject
Global
	GlobalSection(SolutionConfigurationPlatforms) = preSolution
		Debug|Any CPU = Debug|Any CPU
		Release|Any CPU = Release|Any CPU
	EndGlobalSection
	GlobalSection(ProjectConfigurationPlatforms) = postSolution
		{B7C7B954-41B8-48E7-9381-82ECBB8BF492}.Debug|Any CPU.ActiveCfg = Debug|Any CPU
		{B7C7B954-41B8-48E7-9381-82ECBB8BF492}.Debug|Any CPU.Build.0 = Debug|Any CPU
		{B7C7B954-41B8-48E7-9381-82ECBB8BF492}.Release|Any CPU.ActiveCfg = Release|Any CPU
		{B7C7B954-41B8-48E7-9381-82ECBB8BF492}.Release|Any CPU.Build.0 = Release|Any CPU
	EndGlobalSection
	GlobalSection(SolutionProperties) = preSolution
		HideSolutionNode = FALSE
	EndGlobalSection
	GlobalSection(ExtensibilityGlobals) = postSolution
		SolutionGuid = {4D2A30D7-4F4A-4448-9B5A-4BD42D77C4F8}
	EndGlobalSection
EndGlobal
