
Microsoft Visual Studio Solution File, Format Version 12.00
# Visual Studio Version 17
VisualStudioVersion = 17.9.34728.123
MinimumVisualStudioVersion = 10.0.40219.1
Project("{FAE04EC0-301F-11D3-BF4B-00C04F79EFBC}") = "Enter Numbers", "Enter Numbers.csproj", "{C10C005D-3078-4465-B049-1E7407B52874}"
EndProject
Global
	GlobalSection(SolutionConfigurationPlatforms) = preSolution
		Debug|Any CPU = Debug|Any CPU
		Release|Any CPU = Release|Any CPU
	EndGlobalSection
	GlobalSection(ProjectConfigurationPlatforms) = postSolution
		{C10C005D-3078-4465-B049-1E7407B52874}.Debug|Any CPU.ActiveCfg = Debug|Any CPU
		{C10C005D-3078-4465-B049-1E7407B52874}.Debug|Any CPU.Build.0 = Debug|Any CPU
		{C10C005D-3078-4465-B049-1E7407B52874}.Release|Any CPU.ActiveCfg = Release|Any CPU
		{C10C005D-3078-4465-B049-1E7407B52874}.Release|Any CPU.Build.0 = Release|Any CPU
	EndGlobalSection
	GlobalSection(SolutionProperties) = preSolution
		HideSolutionNode = FALSE
	EndGlobalSection
	GlobalSection(ExtensibilityGlobals) = postSolution
		SolutionGuid = {854E02E8-F675-4D05-9F26-6FD5CEEF7688}
	EndGlobalSection
EndGlobal
