
Microsoft Visual Studio Solution File, Format Version 12.00
# Visual Studio Version 17
VisualStudioVersion = 17.6.33829.357
MinimumVisualStudioVersion = 10.0.40219.1
Project("{FAE04EC0-301F-11D3-BF4B-00C04F79EFBC}") = "MemoryGame", "MemoryGame.csproj", "{5DA56847-BFE2-4633-A607-C3E8CEA8238D}"
EndProject
Global
	GlobalSection(SolutionConfigurationPlatforms) = preSolution
		Debug|Any CPU = Debug|Any CPU
		Release|Any CPU = Release|Any CPU
	EndGlobalSection
	GlobalSection(ProjectConfigurationPlatforms) = postSolution
		{5DA56847-BFE2-4633-A607-C3E8CEA8238D}.Debug|Any CPU.ActiveCfg = Debug|Any CPU
		{5DA56847-BFE2-4633-A607-C3E8CEA8238D}.Debug|Any CPU.Build.0 = Debug|Any CPU
		{5DA56847-BFE2-4633-A607-C3E8CEA8238D}.Release|Any CPU.ActiveCfg = Release|Any CPU
		{5DA56847-BFE2-4633-A607-C3E8CEA8238D}.Release|Any CPU.Build.0 = Release|Any CPU
	EndGlobalSection
	GlobalSection(SolutionProperties) = preSolution
		HideSolutionNode = FALSE
	EndGlobalSection
	GlobalSection(ExtensibilityGlobals) = postSolution
		SolutionGuid = {F4C337E7-1D6D-4F4E-A675-2176773A987B}
	EndGlobalSection
EndGlobal
