
Microsoft Visual Studio Solution File, Format Version 12.00
# Visual Studio Version 17
VisualStudioVersion = 17.9.34728.123
MinimumVisualStudioVersion = 10.0.40219.1
Project("{FAE04EC0-301F-11D3-BF4B-00C04F79EFBC}") = "Students", "Students.csproj", "{31DB8AC1-BFF7-42DD-8A65-54694B1C1321}"
EndProject
Global
	GlobalSection(SolutionConfigurationPlatforms) = preSolution
		Debug|Any CPU = Debug|Any CPU
		Release|Any CPU = Release|Any CPU
	EndGlobalSection
	GlobalSection(ProjectConfigurationPlatforms) = postSolution
		{31DB8AC1-BFF7-42DD-8A65-54694B1C1321}.Debug|Any CPU.ActiveCfg = Debug|Any CPU
		{31DB8AC1-BFF7-42DD-8A65-54694B1C1321}.Debug|Any CPU.Build.0 = Debug|Any CPU
		{31DB8AC1-BFF7-42DD-8A65-54694B1C1321}.Release|Any CPU.ActiveCfg = Release|Any CPU
		{31DB8AC1-BFF7-42DD-8A65-54694B1C1321}.Release|Any CPU.Build.0 = Release|Any CPU
	EndGlobalSection
	GlobalSection(SolutionProperties) = preSolution
		HideSolutionNode = FALSE
	EndGlobalSection
	GlobalSection(ExtensibilityGlobals) = postSolution
		SolutionGuid = {848AFBAE-0354-463A-91DE-C5FCBF09160B}
	EndGlobalSection
EndGlobal
