
Microsoft Visual Studio Solution File, Format Version 12.00
# Visual Studio Version 17
VisualStudioVersion = 17.6.33829.357
MinimumVisualStudioVersion = 10.0.40219.1
Project("{FAE04EC0-301F-11D3-BF4B-00C04F79EFBC}") = "MultiplyEvenOrOdds", "MultiplyEvenOrOdds.csproj", "{DE209806-B675-4FFF-9AAA-4C219E0FADCF}"
EndProject
Global
	GlobalSection(SolutionConfigurationPlatforms) = preSolution
		Debug|Any CPU = Debug|Any CPU
		Release|Any CPU = Release|Any CPU
	EndGlobalSection
	GlobalSection(ProjectConfigurationPlatforms) = postSolution
		{DE209806-B675-4FFF-9AAA-4C219E0FADCF}.Debug|Any CPU.ActiveCfg = Debug|Any CPU
		{DE209806-B675-4FFF-9AAA-4C219E0FADCF}.Debug|Any CPU.Build.0 = Debug|Any CPU
		{DE209806-B675-4FFF-9AAA-4C219E0FADCF}.Release|Any CPU.ActiveCfg = Release|Any CPU
		{DE209806-B675-4FFF-9AAA-4C219E0FADCF}.Release|Any CPU.Build.0 = Release|Any CPU
	EndGlobalSection
	GlobalSection(SolutionProperties) = preSolution
		HideSolutionNode = FALSE
	EndGlobalSection
	GlobalSection(ExtensibilityGlobals) = postSolution
		SolutionGuid = {0E48370A-4128-4E99-9AFB-258F42F5153C}
	EndGlobalSection
EndGlobal
