
Microsoft Visual Studio Solution File, Format Version 12.00
# Visual Studio Version 17
VisualStudioVersion = 17.6.33829.357
MinimumVisualStudioVersion = 10.0.40219.1
Project("{FAE04EC0-301F-11D3-BF4B-00C04F79EFBC}") = "ListManipulationBAsics", "ListManipulationBAsics.csproj", "{98C936D0-01F4-4BC4-AA82-C3714634EA60}"
EndProject
Global
	GlobalSection(SolutionConfigurationPlatforms) = preSolution
		Debug|Any CPU = Debug|Any CPU
		Release|Any CPU = Release|Any CPU
	EndGlobalSection
	GlobalSection(ProjectConfigurationPlatforms) = postSolution
		{98C936D0-01F4-4BC4-AA82-C3714634EA60}.Debug|Any CPU.ActiveCfg = Debug|Any CPU
		{98C936D0-01F4-4BC4-AA82-C3714634EA60}.Debug|Any CPU.Build.0 = Debug|Any CPU
		{98C936D0-01F4-4BC4-AA82-C3714634EA60}.Release|Any CPU.ActiveCfg = Release|Any CPU
		{98C936D0-01F4-4BC4-AA82-C3714634EA60}.Release|Any CPU.Build.0 = Release|Any CPU
	EndGlobalSection
	GlobalSection(SolutionProperties) = preSolution
		HideSolutionNode = FALSE
	EndGlobalSection
	GlobalSection(ExtensibilityGlobals) = postSolution
		SolutionGuid = {28C7BC60-C2E9-4A39-9177-D3D51DB31A84}
	EndGlobalSection
EndGlobal
