
Microsoft Visual Studio Solution File, Format Version 12.00
# Visual Studio Version 17
VisualStudioVersion = 17.9.34728.123
MinimumVisualStudioVersion = 10.0.40219.1
Project("{FAE04EC0-301F-11D3-BF4B-00C04F79EFBC}") = "DefiningClasses", "DefiningClasses.csproj", "{B826929E-3D4F-4701-B035-5778F9F51CA1}"
EndProject
Global
	GlobalSection(SolutionConfigurationPlatforms) = preSolution
		Debug|Any CPU = Debug|Any CPU
		Release|Any CPU = Release|Any CPU
	EndGlobalSection
	GlobalSection(ProjectConfigurationPlatforms) = postSolution
		{B826929E-3D4F-4701-B035-5778F9F51CA1}.Debug|Any CPU.ActiveCfg = Debug|Any CPU
		{B826929E-3D4F-4701-B035-5778F9F51CA1}.Debug|Any CPU.Build.0 = Debug|Any CPU
		{B826929E-3D4F-4701-B035-5778F9F51CA1}.Release|Any CPU.ActiveCfg = Release|Any CPU
		{B826929E-3D4F-4701-B035-5778F9F51CA1}.Release|Any CPU.Build.0 = Release|Any CPU
	EndGlobalSection
	GlobalSection(SolutionProperties) = preSolution
		HideSolutionNode = FALSE
	EndGlobalSection
	GlobalSection(ExtensibilityGlobals) = postSolution
		SolutionGuid = {7EA6BAE7-F9AF-4768-92E9-943BF886ADEA}
	EndGlobalSection
EndGlobal
