
Microsoft Visual Studio Solution File, Format Version 12.00
# Visual Studio Version 17
VisualStudioVersion = 17.6.33829.357
MinimumVisualStudioVersion = 10.0.40219.1
Project("{FAE04EC0-301F-11D3-BF4B-00C04F79EFBC}") = "AddVat", "AddVat.csproj", "{5FD51F5F-E5E8-41ED-A0F9-3CAE2C54CC3D}"
EndProject
Global
	GlobalSection(SolutionConfigurationPlatforms) = preSolution
		Debug|Any CPU = Debug|Any CPU
		Release|Any CPU = Release|Any CPU
	EndGlobalSection
	GlobalSection(ProjectConfigurationPlatforms) = postSolution
		{5FD51F5F-E5E8-41ED-A0F9-3CAE2C54CC3D}.Debug|Any CPU.ActiveCfg = Debug|Any CPU
		{5FD51F5F-E5E8-41ED-A0F9-3CAE2C54CC3D}.Debug|Any CPU.Build.0 = Debug|Any CPU
		{5FD51F5F-E5E8-41ED-A0F9-3CAE2C54CC3D}.Release|Any CPU.ActiveCfg = Release|Any CPU
		{5FD51F5F-E5E8-41ED-A0F9-3CAE2C54CC3D}.Release|Any CPU.Build.0 = Release|Any CPU
	EndGlobalSection
	GlobalSection(SolutionProperties) = preSolution
		HideSolutionNode = FALSE
	EndGlobalSection
	GlobalSection(ExtensibilityGlobals) = postSolution
		SolutionGuid = {94F11B6E-66E9-45AB-8FE5-99A6296E0F30}
	EndGlobalSection
EndGlobal
