
Microsoft Visual Studio Solution File, Format Version 12.00
# Visual Studio Version 17
VisualStudioVersion = 17.9.34728.123
MinimumVisualStudioVersion = 10.0.40219.1
Project("{FAE04EC0-301F-11D3-BF4B-00C04F79EFBC}") = "CarManufacturer", "CarManufacturer.csproj", "{3072F12D-5822-4B02-8E3C-9FF6A8B42F7D}"
EndProject
Global
	GlobalSection(SolutionConfigurationPlatforms) = preSolution
		Debug|Any CPU = Debug|Any CPU
		Release|Any CPU = Release|Any CPU
	EndGlobalSection
	GlobalSection(ProjectConfigurationPlatforms) = postSolution
		{3072F12D-5822-4B02-8E3C-9FF6A8B42F7D}.Debug|Any CPU.ActiveCfg = Debug|Any CPU
		{3072F12D-5822-4B02-8E3C-9FF6A8B42F7D}.Debug|Any CPU.Build.0 = Debug|Any CPU
		{3072F12D-5822-4B02-8E3C-9FF6A8B42F7D}.Release|Any CPU.ActiveCfg = Release|Any CPU
		{3072F12D-5822-4B02-8E3C-9FF6A8B42F7D}.Release|Any CPU.Build.0 = Release|Any CPU
	EndGlobalSection
	GlobalSection(SolutionProperties) = preSolution
		HideSolutionNode = FALSE
	EndGlobalSection
	GlobalSection(ExtensibilityGlobals) = postSolution
		SolutionGuid = {08753F4E-8F10-4AF2-881D-4449802C7164}
	EndGlobalSection
EndGlobal
