
Microsoft Visual Studio Solution File, Format Version 12.00
# Visual Studio Version 17
VisualStudioVersion = 17.6.33829.357
MinimumVisualStudioVersion = 10.0.40219.1
Project("{FAE04EC0-301F-11D3-BF4B-00C04F79EFBC}") = "KinghtGame", "KinghtGame.csproj", "{A774DAAC-D476-4C31-8D69-ADCE1EB1CB68}"
EndProject
Global
	GlobalSection(SolutionConfigurationPlatforms) = preSolution
		Debug|Any CPU = Debug|Any CPU
		Release|Any CPU = Release|Any CPU
	EndGlobalSection
	GlobalSection(ProjectConfigurationPlatforms) = postSolution
		{A774DAAC-D476-4C31-8D69-ADCE1EB1CB68}.Debug|Any CPU.ActiveCfg = Debug|Any CPU
		{A774DAAC-D476-4C31-8D69-ADCE1EB1CB68}.Debug|Any CPU.Build.0 = Debug|Any CPU
		{A774DAAC-D476-4C31-8D69-ADCE1EB1CB68}.Release|Any CPU.ActiveCfg = Release|Any CPU
		{A774DAAC-D476-4C31-8D69-ADCE1EB1CB68}.Release|Any CPU.Build.0 = Release|Any CPU
	EndGlobalSection
	GlobalSection(SolutionProperties) = preSolution
		HideSolutionNode = FALSE
	EndGlobalSection
	GlobalSection(ExtensibilityGlobals) = postSolution
		SolutionGuid = {25DF62F2-804F-4F11-92E3-BCBC65467EB3}
	EndGlobalSection
EndGlobal
