
Microsoft Visual Studio Solution File, Format Version 12.00
# Visual Studio Version 17
VisualStudioVersion = 17.6.33829.357
MinimumVisualStudioVersion = 10.0.40219.1
Project("{FAE04EC0-301F-11D3-BF4B-00C04F79EFBC}") = "ExamList", "ExamList.csproj", "{F719553C-663F-4627-94EF-5686FBB40162}"
EndProject
Global
	GlobalSection(SolutionConfigurationPlatforms) = preSolution
		Debug|Any CPU = Debug|Any CPU
		Release|Any CPU = Release|Any CPU
	EndGlobalSection
	GlobalSection(ProjectConfigurationPlatforms) = postSolution
		{F719553C-663F-4627-94EF-5686FBB40162}.Debug|Any CPU.ActiveCfg = Debug|Any CPU
		{F719553C-663F-4627-94EF-5686FBB40162}.Debug|Any CPU.Build.0 = Debug|Any CPU
		{F719553C-663F-4627-94EF-5686FBB40162}.Release|Any CPU.ActiveCfg = Release|Any CPU
		{F719553C-663F-4627-94EF-5686FBB40162}.Release|Any CPU.Build.0 = Release|Any CPU
	EndGlobalSection
	GlobalSection(SolutionProperties) = preSolution
		HideSolutionNode = FALSE
	EndGlobalSection
	GlobalSection(ExtensibilityGlobals) = postSolution
		SolutionGuid = {98C9BD87-728D-4E50-8E4D-332049BFB669}
	EndGlobalSection
EndGlobal
