
Microsoft Visual Studio Solution File, Format Version 12.00
# Visual Studio Version 17
VisualStudioVersion = 17.6.33829.357
MinimumVisualStudioVersion = 10.0.40219.1
Project("{FAE04EC0-301F-11D3-BF4B-00C04F79EFBC}") = "Supermarket", "Supermarket.csproj", "{5C6FD4F8-4B00-43F2-93BB-36E46C4E5110}"
EndProject
Global
	GlobalSection(SolutionConfigurationPlatforms) = preSolution
		Debug|Any CPU = Debug|Any CPU
		Release|Any CPU = Release|Any CPU
	EndGlobalSection
	GlobalSection(ProjectConfigurationPlatforms) = postSolution
		{5C6FD4F8-4B00-43F2-93BB-36E46C4E5110}.Debug|Any CPU.ActiveCfg = Debug|Any CPU
		{5C6FD4F8-4B00-43F2-93BB-36E46C4E5110}.Debug|Any CPU.Build.0 = Debug|Any CPU
		{5C6FD4F8-4B00-43F2-93BB-36E46C4E5110}.Release|Any CPU.ActiveCfg = Release|Any CPU
		{5C6FD4F8-4B00-43F2-93BB-36E46C4E5110}.Release|Any CPU.Build.0 = Release|Any CPU
	EndGlobalSection
	GlobalSection(SolutionProperties) = preSolution
		HideSolutionNode = FALSE
	EndGlobalSection
	GlobalSection(ExtensibilityGlobals) = postSolution
		SolutionGuid = {9F4FCC38-CADB-467E-A1E3-3BC2F2A1174E}
	EndGlobalSection
EndGlobal
