
Microsoft Visual Studio Solution File, Format Version 12.00
# Visual Studio Version 17
VisualStudioVersion = 17.9.34728.123
MinimumVisualStudioVersion = 10.0.40219.1
Project("{FAE04EC0-301F-11D3-BF4B-00C04F79EFBC}") = "FootballTeam", "FootballTeam.csproj", "{76FFF9AD-B663-4AE8-9EEC-58076C5A6298}"
EndProject
Global
	GlobalSection(SolutionConfigurationPlatforms) = preSolution
		Debug|Any CPU = Debug|Any CPU
		Release|Any CPU = Release|Any CPU
	EndGlobalSection
	GlobalSection(ProjectConfigurationPlatforms) = postSolution
		{76FFF9AD-B663-4AE8-9EEC-58076C5A6298}.Debug|Any CPU.ActiveCfg = Debug|Any CPU
		{76FFF9AD-B663-4AE8-9EEC-58076C5A6298}.Debug|Any CPU.Build.0 = Debug|Any CPU
		{76FFF9AD-B663-4AE8-9EEC-58076C5A6298}.Release|Any CPU.ActiveCfg = Release|Any CPU
		{76FFF9AD-B663-4AE8-9EEC-58076C5A6298}.Release|Any CPU.Build.0 = Release|Any CPU
	EndGlobalSection
	GlobalSection(SolutionProperties) = preSolution
		HideSolutionNode = FALSE
	EndGlobalSection
	GlobalSection(ExtensibilityGlobals) = postSolution
		SolutionGuid = {C89506D6-BCB5-45BC-BB1B-8C6F96412018}
	EndGlobalSection
EndGlobal
