
Microsoft Visual Studio Solution File, Format Version 12.00
# Visual Studio Version 17
VisualStudioVersion = 17.6.33829.357
MinimumVisualStudioVersion = 10.0.40219.1
Project("{FAE04EC0-301F-11D3-BF4B-00C04F79EFBC}") = "ListManipulatorAdvanced", "ListManipulatorAdvanced.csproj", "{94BEDA2D-55E4-4F88-973B-C0906C085A26}"
EndProject
Global
	GlobalSection(SolutionConfigurationPlatforms) = preSolution
		Debug|Any CPU = Debug|Any CPU
		Release|Any CPU = Release|Any CPU
	EndGlobalSection
	GlobalSection(ProjectConfigurationPlatforms) = postSolution
		{94BEDA2D-55E4-4F88-973B-C0906C085A26}.Debug|Any CPU.ActiveCfg = Debug|Any CPU
		{94BEDA2D-55E4-4F88-973B-C0906C085A26}.Debug|Any CPU.Build.0 = Debug|Any CPU
		{94BEDA2D-55E4-4F88-973B-C0906C085A26}.Release|Any CPU.ActiveCfg = Release|Any CPU
		{94BEDA2D-55E4-4F88-973B-C0906C085A26}.Release|Any CPU.Build.0 = Release|Any CPU
	EndGlobalSection
	GlobalSection(SolutionProperties) = preSolution
		HideSolutionNode = FALSE
	EndGlobalSection
	GlobalSection(ExtensibilityGlobals) = postSolution
		SolutionGuid = {4BCA2C3C-227A-4A2C-AF84-9FCC3301E996}
	EndGlobalSection
EndGlobal
