
Microsoft Visual Studio Solution File, Format Version 12.00
# Visual Studio Version 17
VisualStudioVersion = 17.9.34728.123
MinimumVisualStudioVersion = 10.0.40219.1
Project("{FAE04EC0-301F-11D3-BF4B-00C04F79EFBC}") = "DynimicImplementation", "DynimicImplementation.csproj", "{B75F495F-CC19-447B-B00A-6B47F12C2055}"
EndProject
Global
	GlobalSection(SolutionConfigurationPlatforms) = preSolution
		Debug|Any CPU = Debug|Any CPU
		Release|Any CPU = Release|Any CPU
	EndGlobalSection
	GlobalSection(ProjectConfigurationPlatforms) = postSolution
		{B75F495F-CC19-447B-B00A-6B47F12C2055}.Debug|Any CPU.ActiveCfg = Debug|Any CPU
		{B75F495F-CC19-447B-B00A-6B47F12C2055}.Debug|Any CPU.Build.0 = Debug|Any CPU
		{B75F495F-CC19-447B-B00A-6B47F12C2055}.Release|Any CPU.ActiveCfg = Release|Any CPU
		{B75F495F-CC19-447B-B00A-6B47F12C2055}.Release|Any CPU.Build.0 = Release|Any CPU
	EndGlobalSection
	GlobalSection(SolutionProperties) = preSolution
		HideSolutionNode = FALSE
	EndGlobalSection
	GlobalSection(ExtensibilityGlobals) = postSolution
		SolutionGuid = {071B2B0E-0F68-4F46-99F5-5D45E11BCC58}
	EndGlobalSection
EndGlobal
