
Microsoft Visual Studio Solution File, Format Version 12.00
# Visual Studio Version 17
VisualStudioVersion = 17.6.33829.357
MinimumVisualStudioVersion = 10.0.40219.1
Project("{FAE04EC0-301F-11D3-BF4B-00C04F79EFBC}") = "Key Resolver", "Key Resolver.csproj", "{8D95DF4C-DAD4-498B-A75B-55769019F9E8}"
EndProject
Global
	GlobalSection(SolutionConfigurationPlatforms) = preSolution
		Debug|Any CPU = Debug|Any CPU
		Release|Any CPU = Release|Any CPU
	EndGlobalSection
	GlobalSection(ProjectConfigurationPlatforms) = postSolution
		{8D95DF4C-DAD4-498B-A75B-55769019F9E8}.Debug|Any CPU.ActiveCfg = Debug|Any CPU
		{8D95DF4C-DAD4-498B-A75B-55769019F9E8}.Debug|Any CPU.Build.0 = Debug|Any CPU
		{8D95DF4C-DAD4-498B-A75B-55769019F9E8}.Release|Any CPU.ActiveCfg = Release|Any CPU
		{8D95DF4C-DAD4-498B-A75B-55769019F9E8}.Release|Any CPU.Build.0 = Release|Any CPU
	EndGlobalSection
	GlobalSection(SolutionProperties) = preSolution
		HideSolutionNode = FALSE
	EndGlobalSection
	GlobalSection(ExtensibilityGlobals) = postSolution
		SolutionGuid = {DF4F5198-7CAE-46EF-A1BA-78AB11F8EE19}
	EndGlobalSection
EndGlobal
