
Microsoft Visual Studio Solution File, Format Version 12.00
# Visual Studio Version 17
VisualStudioVersion = 17.6.33829.357
MinimumVisualStudioVersion = 10.0.40219.1
Project("{FAE04EC0-301F-11D3-BF4B-00C04F79EFBC}") = "CardsGame", "CardsGame.csproj", "{B7AA2B2F-6A22-4088-9DD7-427B5675DFFE}"
EndProject
Global
	GlobalSection(SolutionConfigurationPlatforms) = preSolution
		Debug|Any CPU = Debug|Any CPU
		Release|Any CPU = Release|Any CPU
	EndGlobalSection
	GlobalSection(ProjectConfigurationPlatforms) = postSolution
		{B7AA2B2F-6A22-4088-9DD7-427B5675DFFE}.Debug|Any CPU.ActiveCfg = Debug|Any CPU
		{B7AA2B2F-6A22-4088-9DD7-427B5675DFFE}.Debug|Any CPU.Build.0 = Debug|Any CPU
		{B7AA2B2F-6A22-4088-9DD7-427B5675DFFE}.Release|Any CPU.ActiveCfg = Release|Any CPU
		{B7AA2B2F-6A22-4088-9DD7-427B5675DFFE}.Release|Any CPU.Build.0 = Release|Any CPU
	EndGlobalSection
	GlobalSection(SolutionProperties) = preSolution
		HideSolutionNode = FALSE
	EndGlobalSection
	GlobalSection(ExtensibilityGlobals) = postSolution
		SolutionGuid = {F991509C-206C-4563-A806-1EED351B9F5A}
	EndGlobalSection
EndGlobal
