
Microsoft Visual Studio Solution File, Format Version 12.00
# Visual Studio Version 17
VisualStudioVersion = 17.6.33829.357
MinimumVisualStudioVersion = 10.0.40219.1
Project("{FAE04EC0-301F-11D3-BF4B-00C04F79EFBC}") = "WordsInPlural", "WordsInPlural.csproj", "{863D7B16-0FF8-4703-99DB-6F4CA3AD0C6B}"
EndProject
Global
	GlobalSection(SolutionConfigurationPlatforms) = preSolution
		Debug|Any CPU = Debug|Any CPU
		Release|Any CPU = Release|Any CPU
	EndGlobalSection
	GlobalSection(ProjectConfigurationPlatforms) = postSolution
		{863D7B16-0FF8-4703-99DB-6F4CA3AD0C6B}.Debug|Any CPU.ActiveCfg = Debug|Any CPU
		{863D7B16-0FF8-4703-99DB-6F4CA3AD0C6B}.Debug|Any CPU.Build.0 = Debug|Any CPU
		{863D7B16-0FF8-4703-99DB-6F4CA3AD0C6B}.Release|Any CPU.ActiveCfg = Release|Any CPU
		{863D7B16-0FF8-4703-99DB-6F4CA3AD0C6B}.Release|Any CPU.Build.0 = Release|Any CPU
	EndGlobalSection
	GlobalSection(SolutionProperties) = preSolution
		HideSolutionNode = FALSE
	EndGlobalSection
	GlobalSection(ExtensibilityGlobals) = postSolution
		SolutionGuid = {95356B10-E564-4C6C-8B2E-31972E1895BE}
	EndGlobalSection
EndGlobal
