
Microsoft Visual Studio Solution File, Format Version 12.00
# Visual Studio Version 17
VisualStudioVersion = 17.9.34728.123
MinimumVisualStudioVersion = 10.0.40219.1
Project("{FAE04EC0-301F-11D3-BF4B-00C04F79EFBC}") = "Article", "Article.csproj", "{2BC5CBA4-E5AD-4BC1-9DFC-F8A4B7739CCE}"
EndProject
Global
	GlobalSection(SolutionConfigurationPlatforms) = preSolution
		Debug|Any CPU = Debug|Any CPU
		Release|Any CPU = Release|Any CPU
	EndGlobalSection
	GlobalSection(ProjectConfigurationPlatforms) = postSolution
		{2BC5CBA4-E5AD-4BC1-9DFC-F8A4B7739CCE}.Debug|Any CPU.ActiveCfg = Debug|Any CPU
		{2BC5CBA4-E5AD-4BC1-9DFC-F8A4B7739CCE}.Debug|Any CPU.Build.0 = Debug|Any CPU
		{2BC5CBA4-E5AD-4BC1-9DFC-F8A4B7739CCE}.Release|Any CPU.ActiveCfg = Release|Any CPU
		{2BC5CBA4-E5AD-4BC1-9DFC-F8A4B7739CCE}.Release|Any CPU.Build.0 = Release|Any CPU
	EndGlobalSection
	GlobalSection(SolutionProperties) = preSolution
		HideSolutionNode = FALSE
	EndGlobalSection
	GlobalSection(ExtensibilityGlobals) = postSolution
		SolutionGuid = {D9FBFF74-B6C0-4D35-8847-5712732C1A3E}
	EndGlobalSection
EndGlobal
