
Microsoft Visual Studio Solution File, Format Version 12.00
# Visual Studio Version 17
VisualStudioVersion = 17.6.33829.357
MinimumVisualStudioVersion = 10.0.40219.1
Project("{FAE04EC0-301F-11D3-BF4B-00C04F79EFBC}") = "Merging Lists", "Merging Lists.csproj", "{E14701F9-46A7-4027-835D-72A6CEB45F6E}"
EndProject
Global
	GlobalSection(SolutionConfigurationPlatforms) = preSolution
		Debug|Any CPU = Debug|Any CPU
		Release|Any CPU = Release|Any CPU
	EndGlobalSection
	GlobalSection(ProjectConfigurationPlatforms) = postSolution
		{E14701F9-46A7-4027-835D-72A6CEB45F6E}.Debug|Any CPU.ActiveCfg = Debug|Any CPU
		{E14701F9-46A7-4027-835D-72A6CEB45F6E}.Debug|Any CPU.Build.0 = Debug|Any CPU
		{E14701F9-46A7-4027-835D-72A6CEB45F6E}.Release|Any CPU.ActiveCfg = Release|Any CPU
		{E14701F9-46A7-4027-835D-72A6CEB45F6E}.Release|Any CPU.Build.0 = Release|Any CPU
	EndGlobalSection
	GlobalSection(SolutionProperties) = preSolution
		HideSolutionNode = FALSE
	EndGlobalSection
	GlobalSection(ExtensibilityGlobals) = postSolution
		SolutionGuid = {76CD5ABF-88D5-4BA3-945F-3AF5734BE0E2}
	EndGlobalSection
EndGlobal
